
Microsoft Visual Studio Solution File, Format Version 12.00
# Visual Studio Version 17
VisualStudioVersion = 17.0.31903.59
MinimumVisualStudioVersion = 10.0.40219.1
Project("{8BC9CEB8-8B4A-11D0-8D11-00A0C91BC942}") = "pacman", "Project2Alle\Project2Alle.vcxproj", "{5CEF4DE1-8F2F-4E86-AD2B-559FE237C146}"
EndProject
Global
	GlobalSection(SolutionConfigurationPlatforms) = preSolution
		Debug|x64 = Debug|x64
		Debug|x86 = Debug|x86
		Release|x64 = Release|x64
		Release|x86 = Release|x86
	EndGlobalSection
	GlobalSection(ProjectConfigurationPlatforms) = postSolution
		{5CEF4DE1-8F2F-4E86-AD2B-559FE237C146}.Debug|x64.ActiveCfg = Debug|x64
		{5CEF4DE1-8F2F-4E86-AD2B-559FE237C146}.Debug|x64.Build.0 = Debug|x64
		{5CEF4DE1-8F2F-4E86-AD2B-559FE237C146}.Debug|x86.ActiveCfg = Release|x64
		{5CEF4DE1-8F2F-4E86-AD2B-559FE237C146}.Debug|x86.Build.0 = Release|x64
		{5CEF4DE1-8F2F-4E86-AD2B-559FE237C146}.Release|x64.ActiveCfg = Release|x64
		{5CEF4DE1-8F2F-4E86-AD2B-559FE237C146}.Release|x64.Build.0 = Release|x64
		{5CEF4DE1-8F2F-4E86-AD2B-559FE237C146}.Release|x86.ActiveCfg = Release|x64
		{5CEF4DE1-8F2F-4E86-AD2B-559FE237C146}.Release|x86.Build.0 = Release|x64
	EndGlobalSection
	GlobalSection(SolutionProperties) = preSolution
		HideSolutionNode = FALSE
	EndGlobalSection
	GlobalSection(ExtensibilityGlobals) = postSolution
		SolutionGuid = {2C6DFB30-AF32-43ED-BE1E-A5208163E8D6}
	EndGlobalSection
EndGlobal
